
Microsoft Visual Studio Solution File, Format Version 12.00
# Visual Studio Version 17
VisualStudioVersion = 17.13.35825.156 d17.13
MinimumVisualStudioVersion = 10.0.40219.1
Project("{FAE04EC0-301F-11D3-BF4B-00C04F79EFBC}") = "PokemonDex", "PokemonDex.csproj", "{C74C3981-86F7-4751-ACD4-212E89BB1972}"
EndProject
Global
	GlobalSection(SolutionConfigurationPlatforms) = preSolution
		Debug|Any CPU = Debug|Any CPU
		Release|Any CPU = Release|Any CPU
	EndGlobalSection
	GlobalSection(ProjectConfigurationPlatforms) = postSolution
		{C74C3981-86F7-4751-ACD4-212E89BB1972}.Debug|Any CPU.ActiveCfg = Debug|Any CPU
		{C74C3981-86F7-4751-ACD4-212E89BB1972}.Debug|Any CPU.Build.0 = Debug|Any CPU
		{C74C3981-86F7-4751-ACD4-212E89BB1972}.Release|Any CPU.ActiveCfg = Release|Any CPU
		{C74C3981-86F7-4751-ACD4-212E89BB1972}.Release|Any CPU.Build.0 = Release|Any CPU
	EndGlobalSection
	GlobalSection(SolutionProperties) = preSolution
		HideSolutionNode = FALSE
	EndGlobalSection
	GlobalSection(ExtensibilityGlobals) = postSolution
		SolutionGuid = {A6FFD699-22C8-4113-B46F-0EFC822CC1A3}
	EndGlobalSection
EndGlobal
